
Microsoft Visual Studio Solution File, Format Version 12.00
# Visual Studio 2012
Project("{8BC9CEB8-8B4A-11D0-8D11-00A0C91BC942}") = "15 - Transport", "15 - Transport\15 - Transport.vcxproj", "{685F3BF2-A7C3-425E-A538-F8F4F37F928C}"
EndProject
Global
	GlobalSection(SolutionConfigurationPlatforms) = preSolution
		Debug|Win32 = Debug|Win32
		Release|Win32 = Release|Win32
	EndGlobalSection
	GlobalSection(ProjectConfigurationPlatforms) = postSolution
		{685F3BF2-A7C3-425E-A538-F8F4F37F928C}.Debug|Win32.ActiveCfg = Debug|Win32
		{685F3BF2-A7C3-425E-A538-F8F4F37F928C}.Debug|Win32.Build.0 = Debug|Win32
		{685F3BF2-A7C3-425E-A538-F8F4F37F928C}.Release|Win32.ActiveCfg = Release|Win32
		{685F3BF2-A7C3-425E-A538-F8F4F37F928C}.Release|Win32.Build.0 = Release|Win32
	EndGlobalSection
	GlobalSection(SolutionProperties) = preSolution
		HideSolutionNode = FALSE
	EndGlobalSection
EndGlobal
